
Microsoft Visual Studio Solution File, Format Version 12.00
# Visual Studio 15
VisualStudioVersion = 15.0.28010.2003
MinimumVisualStudioVersion = 10.0.40219.1
Project("{FAE04EC0-301F-11D3-BF4B-00C04F79EFBC}") = "file_client", "file_client\file_client.csproj", "{EE28A31A-6194-40D8-9478-022D47CB6517}"
EndProject
Project("{FAE04EC0-301F-11D3-BF4B-00C04F79EFBC}") = "file_server", "file_server\file_server.csproj", "{74B158F5-42EC-46A9-9AC7-E205635B23E9}"
EndProject
Project("{FAE04EC0-301F-11D3-BF4B-00C04F79EFBC}") = "LIB", "LIB\LIB.csproj", "{B74C6B12-6130-4C53-B95D-4F6F998A24CC}"
EndProject
Project("{2150E333-8FDC-42A3-9474-1A3956D46DE8}") = "Handin2", "Handin2", "{9763EE38-A0A3-4CE1-B117-CB48BF015698}"
EndProject
Project("{2150E333-8FDC-42A3-9474-1A3956D46DE8}") = "Server", "Server", "{8CF33721-7464-43B6-A009-7356E620670D}"
EndProject
Project("{2150E333-8FDC-42A3-9474-1A3956D46DE8}") = "Client", "Client", "{2B694202-77FC-4BFC-89DA-341A2BBA193D}"
EndProject
Project("{FAE04EC0-301F-11D3-BF4B-00C04F79EFBC}") = "ClientConsoleApp", "ConsoleApp1\ClientConsoleApp.csproj", "{12488A9D-66CE-4AE1-A699-F2322B6A955A}"
EndProject
Project("{FAE04EC0-301F-11D3-BF4B-00C04F79EFBC}") = "ServerConsoleApp", "ServerConsoleApp\ServerConsoleApp.csproj", "{05446B4F-6062-499E-9332-5CCB417FAC5D}"
EndProject
Project("{2150E333-8FDC-42A3-9474-1A3956D46DE8}") = "Handin1", "Handin1", "{1B95DCAA-C447-490E-9F2A-7BDED18ED302}"
EndProject
Global
	GlobalSection(SolutionConfigurationPlatforms) = preSolution
		Debug|Any CPU = Debug|Any CPU
		Debug|x86 = Debug|x86
		Release|Any CPU = Release|Any CPU
		Release|x86 = Release|x86
	EndGlobalSection
	GlobalSection(ProjectConfigurationPlatforms) = postSolution
		{EE28A31A-6194-40D8-9478-022D47CB6517}.Debug|Any CPU.ActiveCfg = Debug|x86
		{EE28A31A-6194-40D8-9478-022D47CB6517}.Debug|Any CPU.Build.0 = Debug|x86
		{EE28A31A-6194-40D8-9478-022D47CB6517}.Debug|x86.ActiveCfg = Debug|x86
		{EE28A31A-6194-40D8-9478-022D47CB6517}.Debug|x86.Build.0 = Debug|x86
		{EE28A31A-6194-40D8-9478-022D47CB6517}.Release|Any CPU.ActiveCfg = Release|x86
		{EE28A31A-6194-40D8-9478-022D47CB6517}.Release|x86.ActiveCfg = Release|x86
		{EE28A31A-6194-40D8-9478-022D47CB6517}.Release|x86.Build.0 = Release|x86
		{74B158F5-42EC-46A9-9AC7-E205635B23E9}.Debug|Any CPU.ActiveCfg = Debug|x86
		{74B158F5-42EC-46A9-9AC7-E205635B23E9}.Debug|Any CPU.Build.0 = Debug|x86
		{74B158F5-42EC-46A9-9AC7-E205635B23E9}.Debug|x86.ActiveCfg = Debug|x86
		{74B158F5-42EC-46A9-9AC7-E205635B23E9}.Debug|x86.Build.0 = Debug|x86
		{74B158F5-42EC-46A9-9AC7-E205635B23E9}.Release|Any CPU.ActiveCfg = Release|x86
		{74B158F5-42EC-46A9-9AC7-E205635B23E9}.Release|x86.ActiveCfg = Release|x86
		{74B158F5-42EC-46A9-9AC7-E205635B23E9}.Release|x86.Build.0 = Release|x86
		{B74C6B12-6130-4C53-B95D-4F6F998A24CC}.Debug|Any CPU.ActiveCfg = Debug|Any CPU
		{B74C6B12-6130-4C53-B95D-4F6F998A24CC}.Debug|Any CPU.Build.0 = Debug|Any CPU
		{B74C6B12-6130-4C53-B95D-4F6F998A24CC}.Debug|x86.ActiveCfg = Debug|Any CPU
		{B74C6B12-6130-4C53-B95D-4F6F998A24CC}.Debug|x86.Build.0 = Debug|Any CPU
		{B74C6B12-6130-4C53-B95D-4F6F998A24CC}.Release|Any CPU.ActiveCfg = Release|Any CPU
		{B74C6B12-6130-4C53-B95D-4F6F998A24CC}.Release|Any CPU.Build.0 = Release|Any CPU
		{B74C6B12-6130-4C53-B95D-4F6F998A24CC}.Release|x86.ActiveCfg = Release|Any CPU
		{B74C6B12-6130-4C53-B95D-4F6F998A24CC}.Release|x86.Build.0 = Release|Any CPU
		{12488A9D-66CE-4AE1-A699-F2322B6A955A}.Debug|Any CPU.ActiveCfg = Debug|Any CPU
		{12488A9D-66CE-4AE1-A699-F2322B6A955A}.Debug|Any CPU.Build.0 = Debug|Any CPU
		{12488A9D-66CE-4AE1-A699-F2322B6A955A}.Debug|x86.ActiveCfg = Debug|Any CPU
		{12488A9D-66CE-4AE1-A699-F2322B6A955A}.Debug|x86.Build.0 = Debug|Any CPU
		{12488A9D-66CE-4AE1-A699-F2322B6A955A}.Release|Any CPU.ActiveCfg = Release|Any CPU
		{12488A9D-66CE-4AE1-A699-F2322B6A955A}.Release|Any CPU.Build.0 = Release|Any CPU
		{12488A9D-66CE-4AE1-A699-F2322B6A955A}.Release|x86.ActiveCfg = Release|Any CPU
		{12488A9D-66CE-4AE1-A699-F2322B6A955A}.Release|x86.Build.0 = Release|Any CPU
		{05446B4F-6062-499E-9332-5CCB417FAC5D}.Debug|Any CPU.ActiveCfg = Debug|Any CPU
		{05446B4F-6062-499E-9332-5CCB417FAC5D}.Debug|Any CPU.Build.0 = Debug|Any CPU
		{05446B4F-6062-499E-9332-5CCB417FAC5D}.Debug|x86.ActiveCfg = Debug|Any CPU
		{05446B4F-6062-499E-9332-5CCB417FAC5D}.Debug|x86.Build.0 = Debug|Any CPU
		{05446B4F-6062-499E-9332-5CCB417FAC5D}.Release|Any CPU.ActiveCfg = Release|Any CPU
		{05446B4F-6062-499E-9332-5CCB417FAC5D}.Release|Any CPU.Build.0 = Release|Any CPU
		{05446B4F-6062-499E-9332-5CCB417FAC5D}.Release|x86.ActiveCfg = Release|Any CPU
		{05446B4F-6062-499E-9332-5CCB417FAC5D}.Release|x86.Build.0 = Release|Any CPU
	EndGlobalSection
	GlobalSection(SolutionProperties) = preSolution
		HideSolutionNode = FALSE
	EndGlobalSection
	GlobalSection(NestedProjects) = preSolution
		{EE28A31A-6194-40D8-9478-022D47CB6517} = {1B95DCAA-C447-490E-9F2A-7BDED18ED302}
		{74B158F5-42EC-46A9-9AC7-E205635B23E9} = {1B95DCAA-C447-490E-9F2A-7BDED18ED302}
		{B74C6B12-6130-4C53-B95D-4F6F998A24CC} = {1B95DCAA-C447-490E-9F2A-7BDED18ED302}
		{8CF33721-7464-43B6-A009-7356E620670D} = {9763EE38-A0A3-4CE1-B117-CB48BF015698}
		{2B694202-77FC-4BFC-89DA-341A2BBA193D} = {9763EE38-A0A3-4CE1-B117-CB48BF015698}
		{12488A9D-66CE-4AE1-A699-F2322B6A955A} = {2B694202-77FC-4BFC-89DA-341A2BBA193D}
		{05446B4F-6062-499E-9332-5CCB417FAC5D} = {8CF33721-7464-43B6-A009-7356E620670D}
	EndGlobalSection
	GlobalSection(ExtensibilityGlobals) = postSolution
		SolutionGuid = {5A2E3C23-BCD3-4E53-BD45-5CDECD5687DF}
	EndGlobalSection
EndGlobal
